
Microsoft Visual Studio Solution File, Format Version 12.00
# Visual Studio Version 16
VisualStudioVersion = 16.0.29709.97
MinimumVisualStudioVersion = 10.0.40219.1
Project("{FAE04EC0-301F-11D3-BF4B-00C04F79EFBC}") = "Доеду сам", "Доеду сам\Доеду сам.csproj", "{A99867E0-F8E7-48B3-B4D5-D68BA929F270}"
EndProject
Global
	GlobalSection(SolutionConfigurationPlatforms) = preSolution
		Debug|Any CPU = Debug|Any CPU
		Release|Any CPU = Release|Any CPU
	EndGlobalSection
	GlobalSection(ProjectConfigurationPlatforms) = postSolution
		{A99867E0-F8E7-48B3-B4D5-D68BA929F270}.Debug|Any CPU.ActiveCfg = Debug|Any CPU
		{A99867E0-F8E7-48B3-B4D5-D68BA929F270}.Debug|Any CPU.Build.0 = Debug|Any CPU
		{A99867E0-F8E7-48B3-B4D5-D68BA929F270}.Release|Any CPU.ActiveCfg = Release|Any CPU
		{A99867E0-F8E7-48B3-B4D5-D68BA929F270}.Release|Any CPU.Build.0 = Release|Any CPU
	EndGlobalSection
	GlobalSection(SolutionProperties) = preSolution
		HideSolutionNode = FALSE
	EndGlobalSection
	GlobalSection(ExtensibilityGlobals) = postSolution
		SolutionGuid = {A903B82E-072F-4D4F-8B8D-17AA6B1F589B}
	EndGlobalSection
EndGlobal
